
Microsoft Visual Studio Solution File, Format Version 12.00
# Visual Studio Version 16
VisualStudioVersion = 16.0.29009.5
MinimumVisualStudioVersion = 10.0.40219.1
Project("{FAE04EC0-301F-11D3-BF4B-00C04F79EFBC}") = "WindowsFormsApp1_test22.11.2019", "WindowsFormsApp1_test22.11.2019\WindowsFormsApp1_test22.11.2019.csproj", "{686C3E81-F7BF-4E82-B755-43051D5CEC48}"
EndProject
Global
	GlobalSection(SolutionConfigurationPlatforms) = preSolution
		Debug|Any CPU = Debug|Any CPU
		Release|Any CPU = Release|Any CPU
	EndGlobalSection
	GlobalSection(ProjectConfigurationPlatforms) = postSolution
		{686C3E81-F7BF-4E82-B755-43051D5CEC48}.Debug|Any CPU.ActiveCfg = Debug|Any CPU
		{686C3E81-F7BF-4E82-B755-43051D5CEC48}.Debug|Any CPU.Build.0 = Debug|Any CPU
		{686C3E81-F7BF-4E82-B755-43051D5CEC48}.Release|Any CPU.ActiveCfg = Release|Any CPU
		{686C3E81-F7BF-4E82-B755-43051D5CEC48}.Release|Any CPU.Build.0 = Release|Any CPU
	EndGlobalSection
	GlobalSection(SolutionProperties) = preSolution
		HideSolutionNode = FALSE
	EndGlobalSection
	GlobalSection(ExtensibilityGlobals) = postSolution
		SolutionGuid = {A69822F5-4D7F-433D-A427-1F0B1B6AB901}
	EndGlobalSection
EndGlobal
